{
  "version": 4,
  "terraform_version": "1.10.5",
  "serial": 376,
  "lineage": "09cd8f3b-bb3b-b6fe-75d0-d81e4d1c1544",
  "outputs": {
    "FQDN_ws-1": {
      "value": "webserver-1.ru-central1.internal",
      "type": "string"
    },
    "FQDN_ws-2": {
      "value": "webserver-2.ru-central1.internal",
      "type": "string"
    },
    "FQDN_ws-b": {
      "value": "bastion.ru-central1.internal",
      "type": "string"
    },
    "FQDN_ws-el": {
      "value": "elastic.ru-central1.internal",
      "type": "string"
    },
    "FQDN_ws-k": {
      "value": "kibana.ru-central1.internal",
      "type": "string"
    },
    "FQDN_ws-z": {
      "value": "zabbix.ru-central1.internal",
      "type": "string"
    },
    "external_ip_address_load_balancer": {
      "value": [
        {
          "address": "51.250.37.114"
        }
      ],
      "type": [
        "list",
        [
          "object",
          {
            "address": "string"
          }
        ]
      ]
    },
    "external_ip_address_ws-b": {
      "value": "84.201.152.230",
      "type": "string"
    },
    "external_ip_address_ws-k": {
      "value": "51.250.22.78",
      "type": "string"
    },
    "external_ip_address_ws-z": {
      "value": "62.84.120.214",
      "type": "string"
    },
    "internal_ip_address_ws-1": {
      "value": "10.128.1.3",
      "type": "string"
    },
    "internal_ip_address_ws-2": {
      "value": "10.129.1.3",
      "type": "string"
    },
    "internal_ip_address_ws-b": {
      "value": "10.129.4.3",
      "type": "string"
    },
    "internal_ip_address_ws-el": {
      "value": "10.129.3.4",
      "type": "string"
    },
    "internal_ip_address_ws-k": {
      "value": "10.129.4.5",
      "type": "string"
    },
    "internal_ip_address_ws-z": {
      "value": "10.129.4.4",
      "type": "string"
    }
  },
  "resources": [
    {
      "mode": "managed",
      "type": "yandex_alb_backend_group",
      "name": "bk_group",
      "provider": "provider[\"registry.terraform.io/yandex-cloud/yandex\"]",
      "instances": [
        {
          "schema_version": 0,
          "attributes": {
            "created_at": "2025-02-15T21:11:31Z",
            "description": "",
            "folder_id": "b1g1resobkrlnebb3l3p",
            "grpc_backend": [],
            "http_backend": [
              {
                "healthcheck": [
                  {
                    "grpc_healthcheck": [],
                    "healthcheck_port": 0,
                    "healthy_threshold": 10,
                    "http_healthcheck": [
                      {
                        "expected_statuses": null,
                        "host": "",
                        "http2": false,
                        "path": "/"
                      }
                    ],
                    "interval": "2s",
                    "interval_jitter_percent": 0,
                    "stream_healthcheck": [],
                    "timeout": "10s",
                    "unhealthy_threshold": 15
                  }
                ],
                "http2": false,
                "load_balancing_config": [
                  {
                    "locality_aware_routing_percent": 0,
                    "mode": "ROUND_ROBIN",
                    "panic_threshold": 90,
                    "strict_locality": false
                  }
                ],
                "name": "http-backend",
                "port": 80,
                "storage_bucket": "",
                "target_group_ids": [
                  "ds7i36fi050e7950m0d2"
                ],
                "tls": [],
                "weight": 1
              }
            ],
            "id": "ds7d0h6e6rsohp05r4qs",
            "labels": null,
            "name": "my-bg",
            "session_affinity": [],
            "stream_backend": [],
            "timeouts": null
          },
          "sensitive_attributes": [],
          "private": "eyJlMmJmYjczMC1lY2FhLTExZTYtOGY4OC0zNDM2M2JjN2M0YzAiOnsiY3JlYXRlIjozMDAwMDAwMDAwMDAsImRlbGV0ZSI6MzAwMDAwMDAwMDAwLCJ1cGRhdGUiOjMwMDAwMDAwMDAwMH19",
          "dependencies": [
            "yandex_alb_target_group.tg_group",
            "yandex_compute_disk.disk-ws-1",
            "yandex_compute_disk.disk-ws-2",
            "yandex_compute_instance.ws-1",
            "yandex_compute_instance.ws-2",
            "yandex_vpc_gateway.nat_gateway",
            "yandex_vpc_network.network_1",
            "yandex_vpc_route_table.inner-to-nat",
            "yandex_vpc_security_group.internal",
            "yandex_vpc_subnet.subnet1",
            "yandex_vpc_subnet.subnet2"
          ]
        }
      ]
    },
    {
      "mode": "managed",
      "type": "yandex_alb_http_router",
      "name": "http_router",
      "provider": "provider[\"registry.terraform.io/yandex-cloud/yandex\"]",
      "instances": [
        {
          "schema_version": 0,
          "attributes": {
            "created_at": "2025-02-15T21:10:29Z",
            "description": "",
            "folder_id": "b1g1resobkrlnebb3l3p",
            "id": "ds7pf6u0sqolcbsf5trt",
            "labels": null,
            "name": "my-router",
            "route_options": [],
            "timeouts": null
          },
          "sensitive_attributes": [],
          "private": "eyJlMmJmYjczMC1lY2FhLTExZTYtOGY4OC0zNDM2M2JjN2M0YzAiOnsiY3JlYXRlIjozMDAwMDAwMDAwMDAsImRlbGV0ZSI6MzAwMDAwMDAwMDAwLCJ1cGRhdGUiOjMwMDAwMDAwMDAwMH19"
        }
      ]
    },
    {
      "mode": "managed",
      "type": "yandex_alb_load_balancer",
      "name": "load_balancer",
      "provider": "provider[\"registry.terraform.io/yandex-cloud/yandex\"]",
      "instances": [
        {
          "schema_version": 0,
          "attributes": {
            "allocation_policy": [
              {
                "location": [
                  {
                    "disable_traffic": false,
                    "subnet_id": "e2loudkb3bc1ra6fq4pj",
                    "zone_id": "ru-central1-b"
                  }
                ]
              }
            ],
            "created_at": "2025-02-15T21:10:40Z",
            "description": "",
            "folder_id": "b1g1resobkrlnebb3l3p",
            "id": "ds7ahk4glt3tq569kuut",
            "labels": null,
            "listener": [
              {
                "endpoint": [
                  {
                    "address": [
                      {
                        "external_ipv4_address": [
                          {
                            "address": "51.250.37.114"
                          }
                        ],
                        "external_ipv6_address": [],
                        "internal_ipv4_address": []
                      }
                    ],
                    "ports": [
                      80
                    ]
                  }
                ],
                "http": [
                  {
                    "handler": [
                      {
                        "allow_http10": false,
                        "http2_options": [],
                        "http_router_id": "ds7pf6u0sqolcbsf5trt",
                        "rewrite_request_id": false
                      }
                    ],
                    "redirects": []
                  }
                ],
                "name": "my-listener",
                "stream": [],
                "tls": []
              }
            ],
            "log_group_id": "",
            "log_options": [],
            "name": "my-l7b",
            "network_id": "enpgpfr1nkuu77j8bkcf",
            "region_id": "",
            "security_group_ids": [
              "enp4646nlica30t6j6bv",
              "enpn0f1srb3oh85mq4ed"
            ],
            "status": "active",
            "timeouts": null
          },
          "sensitive_attributes": [],
          "private": "eyJlMmJmYjczMC1lY2FhLTExZTYtOGY4OC0zNDM2M2JjN2M0YzAiOnsiY3JlYXRlIjo2MDAwMDAwMDAwMDAsImRlbGV0ZSI6NjAwMDAwMDAwMDAwLCJ1cGRhdGUiOjYwMDAwMDAwMDAwMH19",
          "dependencies": [
            "yandex_alb_http_router.http_router",
            "yandex_vpc_gateway.nat_gateway",
            "yandex_vpc_network.network_1",
            "yandex_vpc_route_table.inner-to-nat",
            "yandex_vpc_security_group.internal",
            "yandex_vpc_security_group.public-load-balancer",
            "yandex_vpc_subnet.private"
          ]
        }
      ]
    },
    {
      "mode": "managed",
      "type": "yandex_alb_target_group",
      "name": "tg_group",
      "provider": "provider[\"registry.terraform.io/yandex-cloud/yandex\"]",
      "instances": [
        {
          "schema_version": 0,
          "attributes": {
            "created_at": "2025-02-15T21:11:31Z",
            "description": "",
            "folder_id": "b1g1resobkrlnebb3l3p",
            "id": "ds7i36fi050e7950m0d2",
            "labels": null,
            "name": "my-tg",
            "target": [
              {
                "ip_address": "10.128.1.3",
                "private_ipv4_address": false,
                "subnet_id": "e9b28f5n3mvdblk62itk"
              },
              {
                "ip_address": "10.129.1.3",
                "private_ipv4_address": false,
                "subnet_id": "e2lb2n0c1phhruv77mlc"
              }
            ],
            "timeouts": null
          },
          "sensitive_attributes": [],
          "private": "eyJlMmJmYjczMC1lY2FhLTExZTYtOGY4OC0zNDM2M2JjN2M0YzAiOnsiY3JlYXRlIjozMDAwMDAwMDAwMDAsImRlbGV0ZSI6MzAwMDAwMDAwMDAwLCJ1cGRhdGUiOjMwMDAwMDAwMDAwMH19",
          "dependencies": [
            "yandex_compute_disk.disk-ws-1",
            "yandex_compute_disk.disk-ws-2",
            "yandex_compute_instance.ws-1",
            "yandex_compute_instance.ws-2",
            "yandex_vpc_gateway.nat_gateway",
            "yandex_vpc_network.network_1",
            "yandex_vpc_route_table.inner-to-nat",
            "yandex_vpc_security_group.internal",
            "yandex_vpc_subnet.subnet1",
            "yandex_vpc_subnet.subnet2"
          ]
        }
      ]
    },
    {
      "mode": "managed",
      "type": "yandex_alb_virtual_host",
      "name": "root",
      "provider": "provider[\"registry.terraform.io/yandex-cloud/yandex\"]",
      "instances": [
        {
          "schema_version": 0,
          "attributes": {
            "authority": null,
            "http_router_id": "ds7pf6u0sqolcbsf5trt",
            "id": "ds7pf6u0sqolcbsf5trt/root-virtual-host",
            "modify_request_headers": [],
            "modify_response_headers": [],
            "name": "root-virtual-host",
            "rate_limit": [],
            "route": [
              {
                "grpc_route": [],
                "http_route": [
                  {
                    "direct_response_action": [],
                    "http_match": [
                      {
                        "http_method": null,
                        "path": [
                          {
                            "exact": "",
                            "prefix": "/",
                            "regex": ""
                          }
                        ]
                      }
                    ],
                    "http_route_action": [
                      {
                        "auto_host_rewrite": false,
                        "backend_group_id": "ds7d0h6e6rsohp05r4qs",
                        "host_rewrite": "",
                        "idle_timeout": "",
                        "prefix_rewrite": "",
                        "rate_limit": [],
                        "timeout": "3s",
                        "upgrade_types": null
                      }
                    ],
                    "redirect_action": []
                  }
                ],
                "name": "root-path",
                "route_options": []
              }
            ],
            "route_options": [],
            "timeouts": null
          },
          "sensitive_attributes": [],
          "private": "eyJlMmJmYjczMC1lY2FhLTExZTYtOGY4OC0zNDM2M2JjN2M0YzAiOnsiY3JlYXRlIjozMDAwMDAwMDAwMDAsImRlbGV0ZSI6MzAwMDAwMDAwMDAwLCJ1cGRhdGUiOjMwMDAwMDAwMDAwMH19",
          "dependencies": [
            "yandex_alb_backend_group.bk_group",
            "yandex_alb_http_router.http_router",
            "yandex_alb_target_group.tg_group",
            "yandex_compute_disk.disk-ws-1",
            "yandex_compute_disk.disk-ws-2",
            "yandex_compute_instance.ws-1",
            "yandex_compute_instance.ws-2",
            "yandex_vpc_gateway.nat_gateway",
            "yandex_vpc_network.network_1",
            "yandex_vpc_route_table.inner-to-nat",
            "yandex_vpc_security_group.internal",
            "yandex_vpc_subnet.subnet1",
            "yandex_vpc_subnet.subnet2"
          ]
        }
      ]
    },
    {
      "mode": "managed",
      "type": "yandex_compute_disk",
      "name": "disk-ws-1",
      "provider": "provider[\"registry.terraform.io/yandex-cloud/yandex\"]",
      "instances": [
        {
          "schema_version": 0,
          "attributes": {
            "allow_recreate": null,
            "block_size": 4096,
            "created_at": "2025-02-15T21:10:29Z",
            "description": "",
            "disk_placement_policy": [
              {
                "disk_placement_group_id": ""
              }
            ],
            "folder_id": "b1g1resobkrlnebb3l3p",
            "hardware_generation": [
              {
                "generation2_features": [],
                "legacy_features": [
                  {
                    "pci_topology": "PCI_TOPOLOGY_V1"
                  }
                ]
              }
            ],
            "id": "fhmnbvho7ppje9rnnpqb",
            "image_id": "fd8epq5qp2v73a23oir4",
            "kms_key_id": null,
            "labels": null,
            "name": "disk-wserver-1",
            "product_ids": [
              "f2ercusam4noti1mk71e"
            ],
            "size": 10,
            "snapshot_id": "",
            "status": "ready",
            "timeouts": null,
            "type": "network-hdd",
            "zone": "ru-central1-a"
          },
          "sensitive_attributes": [],
          "private": "eyJlMmJmYjczMC1lY2FhLTExZTYtOGY4OC0zNDM2M2JjN2M0YzAiOnsiY3JlYXRlIjozMDAwMDAwMDAwMDAsImRlbGV0ZSI6MzAwMDAwMDAwMDAwLCJ1cGRhdGUiOjMwMDAwMDAwMDAwMH19"
        }
      ]
    },
    {
      "mode": "managed",
      "type": "yandex_compute_disk",
      "name": "disk-ws-2",
      "provider": "provider[\"registry.terraform.io/yandex-cloud/yandex\"]",
      "instances": [
        {
          "schema_version": 0,
          "attributes": {
            "allow_recreate": null,
            "block_size": 4096,
            "created_at": "2025-02-15T21:10:29Z",
            "description": "",
            "disk_placement_policy": [
              {
                "disk_placement_group_id": ""
              }
            ],
            "folder_id": "b1g1resobkrlnebb3l3p",
            "hardware_generation": [
              {
                "generation2_features": [],
                "legacy_features": [
                  {
                    "pci_topology": "PCI_TOPOLOGY_V1"
                  }
                ]
              }
            ],
            "id": "epdrepe1r852c4s8oiuv",
            "image_id": "fd8epq5qp2v73a23oir4",
            "kms_key_id": null,
            "labels": null,
            "name": "disk-wserver-2",
            "product_ids": [
              "f2ercusam4noti1mk71e"
            ],
            "size": 10,
            "snapshot_id": "",
            "status": "ready",
            "timeouts": null,
            "type": "network-hdd",
            "zone": "ru-central1-b"
          },
          "sensitive_attributes": [],
          "private": "eyJlMmJmYjczMC1lY2FhLTExZTYtOGY4OC0zNDM2M2JjN2M0YzAiOnsiY3JlYXRlIjozMDAwMDAwMDAwMDAsImRlbGV0ZSI6MzAwMDAwMDAwMDAwLCJ1cGRhdGUiOjMwMDAwMDAwMDAwMH19"
        }
      ]
    },
    {
      "mode": "managed",
      "type": "yandex_compute_disk",
      "name": "disk-ws-b",
      "provider": "provider[\"registry.terraform.io/yandex-cloud/yandex\"]",
      "instances": [
        {
          "schema_version": 0,
          "attributes": {
            "allow_recreate": null,
            "block_size": 4096,
            "created_at": "2025-02-15T21:10:29Z",
            "description": "",
            "disk_placement_policy": [
              {
                "disk_placement_group_id": ""
              }
            ],
            "folder_id": "b1g1resobkrlnebb3l3p",
            "hardware_generation": [
              {
                "generation2_features": [],
                "legacy_features": [
                  {
                    "pci_topology": "PCI_TOPOLOGY_V1"
                  }
                ]
              }
            ],
            "id": "epdoifpdnfhjlho2pp5r",
            "image_id": "fd8epq5qp2v73a23oir4",
            "kms_key_id": null,
            "labels": null,
            "name": "disk-ws-bastion",
            "product_ids": [
              "f2ercusam4noti1mk71e"
            ],
            "size": 10,
            "snapshot_id": "",
            "status": "ready",
            "timeouts": null,
            "type": "network-hdd",
            "zone": "ru-central1-b"
          },
          "sensitive_attributes": [],
          "private": "eyJlMmJmYjczMC1lY2FhLTExZTYtOGY4OC0zNDM2M2JjN2M0YzAiOnsiY3JlYXRlIjozMDAwMDAwMDAwMDAsImRlbGV0ZSI6MzAwMDAwMDAwMDAwLCJ1cGRhdGUiOjMwMDAwMDAwMDAwMH19"
        }
      ]
    },
    {
      "mode": "managed",
      "type": "yandex_compute_disk",
      "name": "disk-ws-el",
      "provider": "provider[\"registry.terraform.io/yandex-cloud/yandex\"]",
      "instances": [
        {
          "schema_version": 0,
          "attributes": {
            "allow_recreate": null,
            "block_size": 4096,
            "created_at": "2025-02-15T21:10:29Z",
            "description": "",
            "disk_placement_policy": [
              {
                "disk_placement_group_id": ""
              }
            ],
            "folder_id": "b1g1resobkrlnebb3l3p",
            "hardware_generation": [
              {
                "generation2_features": [],
                "legacy_features": [
                  {
                    "pci_topology": "PCI_TOPOLOGY_V1"
                  }
                ]
              }
            ],
            "id": "epdofoo5u0f2v0rneuvc",
            "image_id": "fd8epq5qp2v73a23oir4",
            "kms_key_id": null,
            "labels": null,
            "name": "disk-wsel",
            "product_ids": [
              "f2ercusam4noti1mk71e"
            ],
            "size": 10,
            "snapshot_id": "",
            "status": "ready",
            "timeouts": null,
            "type": "network-hdd",
            "zone": "ru-central1-b"
          },
          "sensitive_attributes": [],
          "private": "eyJlMmJmYjczMC1lY2FhLTExZTYtOGY4OC0zNDM2M2JjN2M0YzAiOnsiY3JlYXRlIjozMDAwMDAwMDAwMDAsImRlbGV0ZSI6MzAwMDAwMDAwMDAwLCJ1cGRhdGUiOjMwMDAwMDAwMDAwMH19"
        }
      ]
    },
    {
      "mode": "managed",
      "type": "yandex_compute_disk",
      "name": "disk-ws-k",
      "provider": "provider[\"registry.terraform.io/yandex-cloud/yandex\"]",
      "instances": [
        {
          "schema_version": 0,
          "attributes": {
            "allow_recreate": null,
            "block_size": 4096,
            "created_at": "2025-02-15T21:10:29Z",
            "description": "",
            "disk_placement_policy": [
              {
                "disk_placement_group_id": ""
              }
            ],
            "folder_id": "b1g1resobkrlnebb3l3p",
            "hardware_generation": [
              {
                "generation2_features": [],
                "legacy_features": [
                  {
                    "pci_topology": "PCI_TOPOLOGY_V1"
                  }
                ]
              }
            ],
            "id": "epdqtplro4tfo40phkid",
            "image_id": "fd8epq5qp2v73a23oir4",
            "kms_key_id": null,
            "labels": null,
            "name": "disk-wsk",
            "product_ids": [
              "f2ercusam4noti1mk71e"
            ],
            "size": 10,
            "snapshot_id": "",
            "status": "ready",
            "timeouts": null,
            "type": "network-hdd",
            "zone": "ru-central1-b"
          },
          "sensitive_attributes": [],
          "private": "eyJlMmJmYjczMC1lY2FhLTExZTYtOGY4OC0zNDM2M2JjN2M0YzAiOnsiY3JlYXRlIjozMDAwMDAwMDAwMDAsImRlbGV0ZSI6MzAwMDAwMDAwMDAwLCJ1cGRhdGUiOjMwMDAwMDAwMDAwMH19"
        }
      ]
    },
    {
      "mode": "managed",
      "type": "yandex_compute_disk",
      "name": "disk-ws-z",
      "provider": "provider[\"registry.terraform.io/yandex-cloud/yandex\"]",
      "instances": [
        {
          "schema_version": 0,
          "attributes": {
            "allow_recreate": null,
            "block_size": 4096,
            "created_at": "2025-02-15T21:10:29Z",
            "description": "",
            "disk_placement_policy": [
              {
                "disk_placement_group_id": ""
              }
            ],
            "folder_id": "b1g1resobkrlnebb3l3p",
            "hardware_generation": [
              {
                "generation2_features": [],
                "legacy_features": [
                  {
                    "pci_topology": "PCI_TOPOLOGY_V1"
                  }
                ]
              }
            ],
            "id": "epd6up0ddjgf3j5un5ot",
            "image_id": "fd8epq5qp2v73a23oir4",
            "kms_key_id": null,
            "labels": null,
            "name": "disk-wsz",
            "product_ids": [
              "f2ercusam4noti1mk71e"
            ],
            "size": 10,
            "snapshot_id": "",
            "status": "ready",
            "timeouts": null,
            "type": "network-hdd",
            "zone": "ru-central1-b"
          },
          "sensitive_attributes": [],
          "private": "eyJlMmJmYjczMC1lY2FhLTExZTYtOGY4OC0zNDM2M2JjN2M0YzAiOnsiY3JlYXRlIjozMDAwMDAwMDAwMDAsImRlbGV0ZSI6MzAwMDAwMDAwMDAwLCJ1cGRhdGUiOjMwMDAwMDAwMDAwMH19"
        }
      ]
    },
    {
      "mode": "managed",
      "type": "yandex_compute_instance",
      "name": "ws-1",
      "provider": "provider[\"registry.terraform.io/yandex-cloud/yandex\"]",
      "instances": [
        {
          "schema_version": 1,
          "attributes": {
            "allow_recreate": null,
            "allow_stopping_for_update": true,
            "boot_disk": [
              {
                "auto_delete": true,
                "device_name": "fhmnbvho7ppje9rnnpqb",
                "disk_id": "fhmnbvho7ppje9rnnpqb",
                "initialize_params": [
                  {
                    "block_size": 4096,
                    "description": "",
                    "image_id": "fd8epq5qp2v73a23oir4",
                    "kms_key_id": "",
                    "name": "disk-wserver-1",
                    "size": 10,
                    "snapshot_id": "",
                    "type": "network-hdd"
                  }
                ],
                "mode": "READ_WRITE"
              }
            ],
            "created_at": "2025-02-15T21:10:42Z",
            "description": "",
            "filesystem": [],
            "folder_id": "b1g1resobkrlnebb3l3p",
            "fqdn": "webserver-1.ru-central1.internal",
            "gpu_cluster_id": "",
            "hardware_generation": [
              {
                "generation2_features": [],
                "legacy_features": [
                  {
                    "pci_topology": "PCI_TOPOLOGY_V1"
                  }
                ]
              }
            ],
            "hostname": "webserver-1",
            "id": "fhmm5v70irhqjkqlj27d",
            "labels": null,
            "local_disk": [],
            "maintenance_grace_period": "",
            "maintenance_policy": null,
            "metadata": {
              "user-data": "#cloud-config\nusers:\n - name: user\n   groups: sudo\n   shell: /bin/bash\n   sudo: ['ALL=(ALL) NOPASSWD:ALL']\n   ssh-authorized-keys:\n     - ssh-rsa AAAAB3NzaC1yc2EAAAADAQABAAABgQChPrsseX5GD7sZ6zEKo/Fu/1gA/FXadzwRHwuC/4S61DDuyhUA7iVY1o3bxVkmlWSNCAJVcNtNPwcxpVMUmcdgoUz2MeVUf3qbvbaherO9RK1XiSkBx4F2ej9qkzZGLu20P2kaLXQYMJpkHWLASDZ5qbLhWHH4BB+GYDPHLfLlM2HGOraCl2D+2ddTh1dkViMsAwddcSSfvRdzpyVYCNK5/PJdeGNTvBCj1DGhtPuB9lR2H1xRtS1ByBbkqI9bp0yTHEG+C0hxzPzrHY6whH/p01FnWs6Iz4mwMcJtI0PRHUSD8eUN0If949qgf3YVPrpoWuks0BchRKb7ILL4QdwuVhlVe0pEPPxKvMPvPFCHTy3AlZiUcn0qSAujB51C9+9K1ZF9U2AlzWSm9qx9770lCZ944Va1CRW0mOWjgB+3L1rn43MBqnd/LwcTX+6vME9bp3HccYn+soGJVCwyl38FyDlEi9eg2hiNuuDRl605o1lUCjgs3WHk1w8S32f0acM= denio@ubuntu\n"
            },
            "metadata_options": [
              {
                "aws_v1_http_endpoint": 1,
                "aws_v1_http_token": 2,
                "gce_http_endpoint": 1,
                "gce_http_token": 1
              }
            ],
            "name": "wserver-1",
            "network_acceleration_type": "standard",
            "network_interface": [
              {
                "dns_record": [
                  {
                    "dns_zone_id": "",
                    "fqdn": "ws-1.srv.",
                    "ptr": false,
                    "ttl": 300
                  }
                ],
                "index": 0,
                "ip_address": "10.128.1.3",
                "ipv4": true,
                "ipv6": false,
                "ipv6_address": "",
                "ipv6_dns_record": [],
                "mac_address": "d0:0d:16:2f:ce:09",
                "nat": false,
                "nat_dns_record": [],
                "nat_ip_address": "",
                "nat_ip_version": "",
                "security_group_ids": [
                  "enpn0f1srb3oh85mq4ed"
                ],
                "subnet_id": "e9b28f5n3mvdblk62itk"
              }
            ],
            "placement_policy": [
              {
                "host_affinity_rules": [],
                "placement_group_id": "",
                "placement_group_partition": 0
              }
            ],
            "platform_id": "standard-v1",
            "resources": [
              {
                "core_fraction": 20,
                "cores": 2,
                "gpus": 0,
                "memory": 2
              }
            ],
            "scheduling_policy": [
              {
                "preemptible": true
              }
            ],
            "secondary_disk": [],
            "service_account_id": "",
            "status": "running",
            "timeouts": null,
            "zone": "ru-central1-a"
          },
          "sensitive_attributes": [],
          "private": "eyJlMmJmYjczMC1lY2FhLTExZTYtOGY4OC0zNDM2M2JjN2M0YzAiOnsiY3JlYXRlIjozMDAwMDAwMDAwMDAsImRlbGV0ZSI6MzAwMDAwMDAwMDAwLCJ1cGRhdGUiOjMwMDAwMDAwMDAwMH0sInNjaGVtYV92ZXJzaW9uIjoiMSJ9",
          "dependencies": [
            "yandex_compute_disk.disk-ws-1",
            "yandex_vpc_gateway.nat_gateway",
            "yandex_vpc_network.network_1",
            "yandex_vpc_route_table.inner-to-nat",
            "yandex_vpc_security_group.internal",
            "yandex_vpc_subnet.subnet1"
          ]
        }
      ]
    },
    {
      "mode": "managed",
      "type": "yandex_compute_instance",
      "name": "ws-2",
      "provider": "provider[\"registry.terraform.io/yandex-cloud/yandex\"]",
      "instances": [
        {
          "schema_version": 1,
          "attributes": {
            "allow_recreate": null,
            "allow_stopping_for_update": true,
            "boot_disk": [
              {
                "auto_delete": true,
                "device_name": "epdrepe1r852c4s8oiuv",
                "disk_id": "epdrepe1r852c4s8oiuv",
                "initialize_params": [
                  {
                    "block_size": 4096,
                    "description": "",
                    "image_id": "fd8epq5qp2v73a23oir4",
                    "kms_key_id": "",
                    "name": "disk-wserver-2",
                    "size": 10,
                    "snapshot_id": "",
                    "type": "network-hdd"
                  }
                ],
                "mode": "READ_WRITE"
              }
            ],
            "created_at": "2025-02-15T21:10:42Z",
            "description": "",
            "filesystem": [],
            "folder_id": "b1g1resobkrlnebb3l3p",
            "fqdn": "webserver-2.ru-central1.internal",
            "gpu_cluster_id": "",
            "hardware_generation": [
              {
                "generation2_features": [],
                "legacy_features": [
                  {
                    "pci_topology": "PCI_TOPOLOGY_V1"
                  }
                ]
              }
            ],
            "hostname": "webserver-2",
            "id": "epd5gisqc7isocibfnve",
            "labels": null,
            "local_disk": [],
            "maintenance_grace_period": "",
            "maintenance_policy": null,
            "metadata": {
              "user-data": "#cloud-config\nusers:\n - name: user\n   groups: sudo\n   shell: /bin/bash\n   sudo: ['ALL=(ALL) NOPASSWD:ALL']\n   ssh-authorized-keys:\n     - ssh-rsa AAAAB3NzaC1yc2EAAAADAQABAAABgQChPrsseX5GD7sZ6zEKo/Fu/1gA/FXadzwRHwuC/4S61DDuyhUA7iVY1o3bxVkmlWSNCAJVcNtNPwcxpVMUmcdgoUz2MeVUf3qbvbaherO9RK1XiSkBx4F2ej9qkzZGLu20P2kaLXQYMJpkHWLASDZ5qbLhWHH4BB+GYDPHLfLlM2HGOraCl2D+2ddTh1dkViMsAwddcSSfvRdzpyVYCNK5/PJdeGNTvBCj1DGhtPuB9lR2H1xRtS1ByBbkqI9bp0yTHEG+C0hxzPzrHY6whH/p01FnWs6Iz4mwMcJtI0PRHUSD8eUN0If949qgf3YVPrpoWuks0BchRKb7ILL4QdwuVhlVe0pEPPxKvMPvPFCHTy3AlZiUcn0qSAujB51C9+9K1ZF9U2AlzWSm9qx9770lCZ944Va1CRW0mOWjgB+3L1rn43MBqnd/LwcTX+6vME9bp3HccYn+soGJVCwyl38FyDlEi9eg2hiNuuDRl605o1lUCjgs3WHk1w8S32f0acM= denio@ubuntu\n"
            },
            "metadata_options": [
              {
                "aws_v1_http_endpoint": 1,
                "aws_v1_http_token": 2,
                "gce_http_endpoint": 1,
                "gce_http_token": 1
              }
            ],
            "name": "wserver-2",
            "network_acceleration_type": "standard",
            "network_interface": [
              {
                "dns_record": [
                  {
                    "dns_zone_id": "",
                    "fqdn": "ws-2.srv.",
                    "ptr": false,
                    "ttl": 300
                  }
                ],
                "index": 0,
                "ip_address": "10.129.1.3",
                "ipv4": true,
                "ipv6": false,
                "ipv6_address": "",
                "ipv6_dns_record": [],
                "mac_address": "d0:0d:58:4b:9a:61",
                "nat": false,
                "nat_dns_record": [],
                "nat_ip_address": "",
                "nat_ip_version": "",
                "security_group_ids": [
                  "enpn0f1srb3oh85mq4ed"
                ],
                "subnet_id": "e2lb2n0c1phhruv77mlc"
              }
            ],
            "placement_policy": [
              {
                "host_affinity_rules": [],
                "placement_group_id": "",
                "placement_group_partition": 0
              }
            ],
            "platform_id": "standard-v1",
            "resources": [
              {
                "core_fraction": 20,
                "cores": 2,
                "gpus": 0,
                "memory": 2
              }
            ],
            "scheduling_policy": [
              {
                "preemptible": true
              }
            ],
            "secondary_disk": [],
            "service_account_id": "",
            "status": "running",
            "timeouts": null,
            "zone": "ru-central1-b"
          },
          "sensitive_attributes": [],
          "private": "eyJlMmJmYjczMC1lY2FhLTExZTYtOGY4OC0zNDM2M2JjN2M0YzAiOnsiY3JlYXRlIjozMDAwMDAwMDAwMDAsImRlbGV0ZSI6MzAwMDAwMDAwMDAwLCJ1cGRhdGUiOjMwMDAwMDAwMDAwMH0sInNjaGVtYV92ZXJzaW9uIjoiMSJ9",
          "dependencies": [
            "yandex_compute_disk.disk-ws-2",
            "yandex_vpc_gateway.nat_gateway",
            "yandex_vpc_network.network_1",
            "yandex_vpc_route_table.inner-to-nat",
            "yandex_vpc_security_group.internal",
            "yandex_vpc_subnet.subnet2"
          ]
        }
      ]
    },
    {
      "mode": "managed",
      "type": "yandex_compute_instance",
      "name": "ws-b",
      "provider": "provider[\"registry.terraform.io/yandex-cloud/yandex\"]",
      "instances": [
        {
          "schema_version": 1,
          "attributes": {
            "allow_recreate": null,
            "allow_stopping_for_update": true,
            "boot_disk": [
              {
                "auto_delete": true,
                "device_name": "epdoifpdnfhjlho2pp5r",
                "disk_id": "epdoifpdnfhjlho2pp5r",
                "initialize_params": [
                  {
                    "block_size": 4096,
                    "description": "",
                    "image_id": "fd8epq5qp2v73a23oir4",
                    "kms_key_id": "",
                    "name": "disk-ws-bastion",
                    "size": 10,
                    "snapshot_id": "",
                    "type": "network-hdd"
                  }
                ],
                "mode": "READ_WRITE"
              }
            ],
            "created_at": "2025-02-15T21:10:44Z",
            "description": "",
            "filesystem": [],
            "folder_id": "b1g1resobkrlnebb3l3p",
            "fqdn": "bastion.ru-central1.internal",
            "gpu_cluster_id": "",
            "hardware_generation": [
              {
                "generation2_features": [],
                "legacy_features": [
                  {
                    "pci_topology": "PCI_TOPOLOGY_V1"
                  }
                ]
              }
            ],
            "hostname": "bastion",
            "id": "epdnq9qo6n3ptqjrts6g",
            "labels": null,
            "local_disk": [],
            "maintenance_grace_period": "",
            "maintenance_policy": null,
            "metadata": {
              "user-data": "#cloud-config\nusers:\n - name: user\n   groups: sudo\n   shell: /bin/bash\n   sudo: ['ALL=(ALL) NOPASSWD:ALL']\n   ssh-authorized-keys:\n     - ssh-rsa AAAAB3NzaC1yc2EAAAADAQABAAABgQChPrsseX5GD7sZ6zEKo/Fu/1gA/FXadzwRHwuC/4S61DDuyhUA7iVY1o3bxVkmlWSNCAJVcNtNPwcxpVMUmcdgoUz2MeVUf3qbvbaherO9RK1XiSkBx4F2ej9qkzZGLu20P2kaLXQYMJpkHWLASDZ5qbLhWHH4BB+GYDPHLfLlM2HGOraCl2D+2ddTh1dkViMsAwddcSSfvRdzpyVYCNK5/PJdeGNTvBCj1DGhtPuB9lR2H1xRtS1ByBbkqI9bp0yTHEG+C0hxzPzrHY6whH/p01FnWs6Iz4mwMcJtI0PRHUSD8eUN0If949qgf3YVPrpoWuks0BchRKb7ILL4QdwuVhlVe0pEPPxKvMPvPFCHTy3AlZiUcn0qSAujB51C9+9K1ZF9U2AlzWSm9qx9770lCZ944Va1CRW0mOWjgB+3L1rn43MBqnd/LwcTX+6vME9bp3HccYn+soGJVCwyl38FyDlEi9eg2hiNuuDRl605o1lUCjgs3WHk1w8S32f0acM= denio@ubuntu\n"
            },
            "metadata_options": [
              {
                "aws_v1_http_endpoint": 1,
                "aws_v1_http_token": 2,
                "gce_http_endpoint": 1,
                "gce_http_token": 1
              }
            ],
            "name": "ws-bastion",
            "network_acceleration_type": "standard",
            "network_interface": [
              {
                "dns_record": [
                  {
                    "dns_zone_id": "",
                    "fqdn": "ws-b.srv.",
                    "ptr": false,
                    "ttl": 300
                  }
                ],
                "index": 0,
                "ip_address": "10.129.4.3",
                "ipv4": true,
                "ipv6": false,
                "ipv6_address": "",
                "ipv6_dns_record": [],
                "mac_address": "d0:0d:17:d2:75:83",
                "nat": true,
                "nat_dns_record": [],
                "nat_ip_address": "84.201.152.230",
                "nat_ip_version": "IPV4",
                "security_group_ids": [
                  "enpa32urlb02ef22v9me",
                  "enpn0f1srb3oh85mq4ed"
                ],
                "subnet_id": "e2lbhajgabrfrq9oclha"
              }
            ],
            "placement_policy": [
              {
                "host_affinity_rules": [],
                "placement_group_id": "",
                "placement_group_partition": 0
              }
            ],
            "platform_id": "standard-v1",
            "resources": [
              {
                "core_fraction": 20,
                "cores": 2,
                "gpus": 0,
                "memory": 2
              }
            ],
            "scheduling_policy": [
              {
                "preemptible": true
              }
            ],
            "secondary_disk": [],
            "service_account_id": "",
            "status": "running",
            "timeouts": null,
            "zone": "ru-central1-b"
          },
          "sensitive_attributes": [],
          "private": "eyJlMmJmYjczMC1lY2FhLTExZTYtOGY4OC0zNDM2M2JjN2M0YzAiOnsiY3JlYXRlIjozMDAwMDAwMDAwMDAsImRlbGV0ZSI6MzAwMDAwMDAwMDAwLCJ1cGRhdGUiOjMwMDAwMDAwMDAwMH0sInNjaGVtYV92ZXJzaW9uIjoiMSJ9",
          "dependencies": [
            "yandex_compute_disk.disk-ws-b",
            "yandex_vpc_network.network_1",
            "yandex_vpc_security_group.internal",
            "yandex_vpc_security_group.public-bastion",
            "yandex_vpc_subnet.public"
          ]
        }
      ]
    },
    {
      "mode": "managed",
      "type": "yandex_compute_instance",
      "name": "ws-el",
      "provider": "provider[\"registry.terraform.io/yandex-cloud/yandex\"]",
      "instances": [
        {
          "schema_version": 1,
          "attributes": {
            "allow_recreate": null,
            "allow_stopping_for_update": true,
            "boot_disk": [
              {
                "auto_delete": true,
                "device_name": "epdofoo5u0f2v0rneuvc",
                "disk_id": "epdofoo5u0f2v0rneuvc",
                "initialize_params": [
                  {
                    "block_size": 4096,
                    "description": "",
                    "image_id": "fd8epq5qp2v73a23oir4",
                    "kms_key_id": "",
                    "name": "disk-wsel",
                    "size": 10,
                    "snapshot_id": "",
                    "type": "network-hdd"
                  }
                ],
                "mode": "READ_WRITE"
              }
            ],
            "created_at": "2025-02-15T21:10:41Z",
            "description": "",
            "filesystem": [],
            "folder_id": "b1g1resobkrlnebb3l3p",
            "fqdn": "elastic.ru-central1.internal",
            "gpu_cluster_id": "",
            "hardware_generation": [
              {
                "generation2_features": [],
                "legacy_features": [
                  {
                    "pci_topology": "PCI_TOPOLOGY_V1"
                  }
                ]
              }
            ],
            "hostname": "elastic",
            "id": "epd5jo54uvptu1fed198",
            "labels": null,
            "local_disk": [],
            "maintenance_grace_period": "",
            "maintenance_policy": null,
            "metadata": {
              "user-data": "#cloud-config\nusers:\n - name: user\n   groups: sudo\n   shell: /bin/bash\n   sudo: ['ALL=(ALL) NOPASSWD:ALL']\n   ssh-authorized-keys:\n     - ssh-rsa AAAAB3NzaC1yc2EAAAADAQABAAABgQChPrsseX5GD7sZ6zEKo/Fu/1gA/FXadzwRHwuC/4S61DDuyhUA7iVY1o3bxVkmlWSNCAJVcNtNPwcxpVMUmcdgoUz2MeVUf3qbvbaherO9RK1XiSkBx4F2ej9qkzZGLu20P2kaLXQYMJpkHWLASDZ5qbLhWHH4BB+GYDPHLfLlM2HGOraCl2D+2ddTh1dkViMsAwddcSSfvRdzpyVYCNK5/PJdeGNTvBCj1DGhtPuB9lR2H1xRtS1ByBbkqI9bp0yTHEG+C0hxzPzrHY6whH/p01FnWs6Iz4mwMcJtI0PRHUSD8eUN0If949qgf3YVPrpoWuks0BchRKb7ILL4QdwuVhlVe0pEPPxKvMPvPFCHTy3AlZiUcn0qSAujB51C9+9K1ZF9U2AlzWSm9qx9770lCZ944Va1CRW0mOWjgB+3L1rn43MBqnd/LwcTX+6vME9bp3HccYn+soGJVCwyl38FyDlEi9eg2hiNuuDRl605o1lUCjgs3WHk1w8S32f0acM= denio@ubuntu\n"
            },
            "metadata_options": [
              {
                "aws_v1_http_endpoint": 1,
                "aws_v1_http_token": 2,
                "gce_http_endpoint": 1,
                "gce_http_token": 1
              }
            ],
            "name": "ws-elastic",
            "network_acceleration_type": "standard",
            "network_interface": [
              {
                "dns_record": [
                  {
                    "dns_zone_id": "",
                    "fqdn": "ws-el.srv.",
                    "ptr": false,
                    "ttl": 300
                  }
                ],
                "index": 0,
                "ip_address": "10.129.3.4",
                "ipv4": true,
                "ipv6": false,
                "ipv6_address": "",
                "ipv6_dns_record": [],
                "mac_address": "d0:0d:59:e0:a4:f7",
                "nat": false,
                "nat_dns_record": [],
                "nat_ip_address": "",
                "nat_ip_version": "",
                "security_group_ids": [
                  "enpn0f1srb3oh85mq4ed"
                ],
                "subnet_id": "e2loudkb3bc1ra6fq4pj"
              }
            ],
            "placement_policy": [
              {
                "host_affinity_rules": [],
                "placement_group_id": "",
                "placement_group_partition": 0
              }
            ],
            "platform_id": "standard-v1",
            "resources": [
              {
                "core_fraction": 20,
                "cores": 2,
                "gpus": 0,
                "memory": 4
              }
            ],
            "scheduling_policy": [
              {
                "preemptible": true
              }
            ],
            "secondary_disk": [],
            "service_account_id": "",
            "status": "running",
            "timeouts": null,
            "zone": "ru-central1-b"
          },
          "sensitive_attributes": [],
          "private": "eyJlMmJmYjczMC1lY2FhLTExZTYtOGY4OC0zNDM2M2JjN2M0YzAiOnsiY3JlYXRlIjozMDAwMDAwMDAwMDAsImRlbGV0ZSI6MzAwMDAwMDAwMDAwLCJ1cGRhdGUiOjMwMDAwMDAwMDAwMH0sInNjaGVtYV92ZXJzaW9uIjoiMSJ9",
          "dependencies": [
            "yandex_compute_disk.disk-ws-el",
            "yandex_vpc_gateway.nat_gateway",
            "yandex_vpc_network.network_1",
            "yandex_vpc_route_table.inner-to-nat",
            "yandex_vpc_security_group.internal",
            "yandex_vpc_subnet.private"
          ]
        }
      ]
    },
    {
      "mode": "managed",
      "type": "yandex_compute_instance",
      "name": "ws-k",
      "provider": "provider[\"registry.terraform.io/yandex-cloud/yandex\"]",
      "instances": [
        {
          "schema_version": 1,
          "attributes": {
            "allow_recreate": null,
            "allow_stopping_for_update": true,
            "boot_disk": [
              {
                "auto_delete": true,
                "device_name": "epdqtplro4tfo40phkid",
                "disk_id": "epdqtplro4tfo40phkid",
                "initialize_params": [
                  {
                    "block_size": 4096,
                    "description": "",
                    "image_id": "fd8epq5qp2v73a23oir4",
                    "kms_key_id": "",
                    "name": "disk-wsk",
                    "size": 10,
                    "snapshot_id": "",
                    "type": "network-hdd"
                  }
                ],
                "mode": "READ_WRITE"
              }
            ],
            "created_at": "2025-02-15T21:10:41Z",
            "description": "",
            "filesystem": [],
            "folder_id": "b1g1resobkrlnebb3l3p",
            "fqdn": "kibana.ru-central1.internal",
            "gpu_cluster_id": "",
            "hardware_generation": [
              {
                "generation2_features": [],
                "legacy_features": [
                  {
                    "pci_topology": "PCI_TOPOLOGY_V1"
                  }
                ]
              }
            ],
            "hostname": "kibana",
            "id": "epd9nmji664kin4sv8cm",
            "labels": null,
            "local_disk": [],
            "maintenance_grace_period": "",
            "maintenance_policy": null,
            "metadata": {
              "user-data": "#cloud-config\nusers:\n - name: user\n   groups: sudo\n   shell: /bin/bash\n   sudo: ['ALL=(ALL) NOPASSWD:ALL']\n   ssh-authorized-keys:\n     - ssh-rsa AAAAB3NzaC1yc2EAAAADAQABAAABgQChPrsseX5GD7sZ6zEKo/Fu/1gA/FXadzwRHwuC/4S61DDuyhUA7iVY1o3bxVkmlWSNCAJVcNtNPwcxpVMUmcdgoUz2MeVUf3qbvbaherO9RK1XiSkBx4F2ej9qkzZGLu20P2kaLXQYMJpkHWLASDZ5qbLhWHH4BB+GYDPHLfLlM2HGOraCl2D+2ddTh1dkViMsAwddcSSfvRdzpyVYCNK5/PJdeGNTvBCj1DGhtPuB9lR2H1xRtS1ByBbkqI9bp0yTHEG+C0hxzPzrHY6whH/p01FnWs6Iz4mwMcJtI0PRHUSD8eUN0If949qgf3YVPrpoWuks0BchRKb7ILL4QdwuVhlVe0pEPPxKvMPvPFCHTy3AlZiUcn0qSAujB51C9+9K1ZF9U2AlzWSm9qx9770lCZ944Va1CRW0mOWjgB+3L1rn43MBqnd/LwcTX+6vME9bp3HccYn+soGJVCwyl38FyDlEi9eg2hiNuuDRl605o1lUCjgs3WHk1w8S32f0acM= denio@ubuntu\n"
            },
            "metadata_options": [
              {
                "aws_v1_http_endpoint": 1,
                "aws_v1_http_token": 2,
                "gce_http_endpoint": 1,
                "gce_http_token": 1
              }
            ],
            "name": "ws-kibana",
            "network_acceleration_type": "standard",
            "network_interface": [
              {
                "dns_record": [
                  {
                    "dns_zone_id": "",
                    "fqdn": "ws-k.srv.",
                    "ptr": false,
                    "ttl": 300
                  }
                ],
                "index": 0,
                "ip_address": "10.129.4.5",
                "ipv4": true,
                "ipv6": false,
                "ipv6_address": "",
                "ipv6_dns_record": [],
                "mac_address": "d0:0d:9b:da:72:31",
                "nat": true,
                "nat_dns_record": [],
                "nat_ip_address": "51.250.22.78",
                "nat_ip_version": "IPV4",
                "security_group_ids": [
                  "enpn0f1srb3oh85mq4ed",
                  "enpoabamdutjc85aphtd"
                ],
                "subnet_id": "e2lbhajgabrfrq9oclha"
              }
            ],
            "placement_policy": [
              {
                "host_affinity_rules": [],
                "placement_group_id": "",
                "placement_group_partition": 0
              }
            ],
            "platform_id": "standard-v1",
            "resources": [
              {
                "core_fraction": 20,
                "cores": 2,
                "gpus": 0,
                "memory": 2
              }
            ],
            "scheduling_policy": [
              {
                "preemptible": true
              }
            ],
            "secondary_disk": [],
            "service_account_id": "",
            "status": "running",
            "timeouts": null,
            "zone": "ru-central1-b"
          },
          "sensitive_attributes": [],
          "private": "eyJlMmJmYjczMC1lY2FhLTExZTYtOGY4OC0zNDM2M2JjN2M0YzAiOnsiY3JlYXRlIjozMDAwMDAwMDAwMDAsImRlbGV0ZSI6MzAwMDAwMDAwMDAwLCJ1cGRhdGUiOjMwMDAwMDAwMDAwMH0sInNjaGVtYV92ZXJzaW9uIjoiMSJ9",
          "dependencies": [
            "yandex_compute_disk.disk-ws-k",
            "yandex_vpc_network.network_1",
            "yandex_vpc_security_group.internal",
            "yandex_vpc_security_group.public-kibana",
            "yandex_vpc_subnet.public"
          ]
        }
      ]
    },
    {
      "mode": "managed",
      "type": "yandex_compute_instance",
      "name": "ws-z",
      "provider": "provider[\"registry.terraform.io/yandex-cloud/yandex\"]",
      "instances": [
        {
          "schema_version": 1,
          "attributes": {
            "allow_recreate": null,
            "allow_stopping_for_update": true,
            "boot_disk": [
              {
                "auto_delete": true,
                "device_name": "epd6up0ddjgf3j5un5ot",
                "disk_id": "epd6up0ddjgf3j5un5ot",
                "initialize_params": [
                  {
                    "block_size": 4096,
                    "description": "",
                    "image_id": "fd8epq5qp2v73a23oir4",
                    "kms_key_id": "",
                    "name": "disk-wsz",
                    "size": 10,
                    "snapshot_id": "",
                    "type": "network-hdd"
                  }
                ],
                "mode": "READ_WRITE"
              }
            ],
            "created_at": "2025-02-15T21:10:41Z",
            "description": "",
            "filesystem": [],
            "folder_id": "b1g1resobkrlnebb3l3p",
            "fqdn": "zabbix.ru-central1.internal",
            "gpu_cluster_id": "",
            "hardware_generation": [
              {
                "generation2_features": [],
                "legacy_features": [
                  {
                    "pci_topology": "PCI_TOPOLOGY_V1"
                  }
                ]
              }
            ],
            "hostname": "zabbix",
            "id": "epds9tjq65ick3fpsqce",
            "labels": null,
            "local_disk": [],
            "maintenance_grace_period": "",
            "maintenance_policy": null,
            "metadata": {
              "user-data": "#cloud-config\nusers:\n - name: user\n   groups: sudo\n   shell: /bin/bash\n   sudo: ['ALL=(ALL) NOPASSWD:ALL']\n   ssh-authorized-keys:\n     - ssh-rsa AAAAB3NzaC1yc2EAAAADAQABAAABgQChPrsseX5GD7sZ6zEKo/Fu/1gA/FXadzwRHwuC/4S61DDuyhUA7iVY1o3bxVkmlWSNCAJVcNtNPwcxpVMUmcdgoUz2MeVUf3qbvbaherO9RK1XiSkBx4F2ej9qkzZGLu20P2kaLXQYMJpkHWLASDZ5qbLhWHH4BB+GYDPHLfLlM2HGOraCl2D+2ddTh1dkViMsAwddcSSfvRdzpyVYCNK5/PJdeGNTvBCj1DGhtPuB9lR2H1xRtS1ByBbkqI9bp0yTHEG+C0hxzPzrHY6whH/p01FnWs6Iz4mwMcJtI0PRHUSD8eUN0If949qgf3YVPrpoWuks0BchRKb7ILL4QdwuVhlVe0pEPPxKvMPvPFCHTy3AlZiUcn0qSAujB51C9+9K1ZF9U2AlzWSm9qx9770lCZ944Va1CRW0mOWjgB+3L1rn43MBqnd/LwcTX+6vME9bp3HccYn+soGJVCwyl38FyDlEi9eg2hiNuuDRl605o1lUCjgs3WHk1w8S32f0acM= denio@ubuntu\n"
            },
            "metadata_options": [
              {
                "aws_v1_http_endpoint": 1,
                "aws_v1_http_token": 2,
                "gce_http_endpoint": 1,
                "gce_http_token": 1
              }
            ],
            "name": "ws-zabbix",
            "network_acceleration_type": "standard",
            "network_interface": [
              {
                "dns_record": [
                  {
                    "dns_zone_id": "",
                    "fqdn": "ws-z.srv.",
                    "ptr": false,
                    "ttl": 300
                  }
                ],
                "index": 0,
                "ip_address": "10.129.4.4",
                "ipv4": true,
                "ipv6": false,
                "ipv6_address": "",
                "ipv6_dns_record": [],
                "mac_address": "d0:0d:1c:4f:67:a3",
                "nat": true,
                "nat_dns_record": [],
                "nat_ip_address": "62.84.120.214",
                "nat_ip_version": "IPV4",
                "security_group_ids": [
                  "enpb8um02qhsuctikq42",
                  "enpn0f1srb3oh85mq4ed"
                ],
                "subnet_id": "e2lbhajgabrfrq9oclha"
              }
            ],
            "placement_policy": [
              {
                "host_affinity_rules": [],
                "placement_group_id": "",
                "placement_group_partition": 0
              }
            ],
            "platform_id": "standard-v1",
            "resources": [
              {
                "core_fraction": 20,
                "cores": 2,
                "gpus": 0,
                "memory": 2
              }
            ],
            "scheduling_policy": [
              {
                "preemptible": true
              }
            ],
            "secondary_disk": [],
            "service_account_id": "",
            "status": "running",
            "timeouts": null,
            "zone": "ru-central1-b"
          },
          "sensitive_attributes": [],
          "private": "eyJlMmJmYjczMC1lY2FhLTExZTYtOGY4OC0zNDM2M2JjN2M0YzAiOnsiY3JlYXRlIjozMDAwMDAwMDAwMDAsImRlbGV0ZSI6MzAwMDAwMDAwMDAwLCJ1cGRhdGUiOjMwMDAwMDAwMDAwMH0sInNjaGVtYV92ZXJzaW9uIjoiMSJ9",
          "dependencies": [
            "yandex_compute_disk.disk-ws-z",
            "yandex_vpc_network.network_1",
            "yandex_vpc_security_group.internal",
            "yandex_vpc_security_group.public-zabbix",
            "yandex_vpc_subnet.public"
          ]
        }
      ]
    },
    {
      "mode": "managed",
      "type": "yandex_compute_snapshot_schedule",
      "name": "default1",
      "provider": "provider[\"registry.terraform.io/yandex-cloud/yandex\"]",
      "instances": [
        {
          "schema_version": 0,
          "attributes": {
            "created_at": "2025-02-15T21:11:33Z",
            "description": "Ежедневные снимки в течении 7 дней",
            "disk_ids": [
              "epd6up0ddjgf3j5un5ot",
              "epdofoo5u0f2v0rneuvc",
              "epdoifpdnfhjlho2pp5r",
              "epdqtplro4tfo40phkid",
              "epdrepe1r852c4s8oiuv",
              "fhmnbvho7ppje9rnnpqb"
            ],
            "folder_id": "b1g1resobkrlnebb3l3p",
            "id": "fd8vgdkq7fal1eqb021q",
            "labels": null,
            "name": "default1",
            "retention_period": "168h0m0s",
            "schedule_policy": [
              {
                "expression": "0 14 ? * *",
                "start_at": "1970-01-01T00:00:00Z"
              }
            ],
            "snapshot_count": 0,
            "snapshot_spec": [
              {
                "description": "retention-snapshot",
                "labels": null
              }
            ],
            "status": "active",
            "timeouts": null
          },
          "sensitive_attributes": [],
          "private": "eyJlMmJmYjczMC1lY2FhLTExZTYtOGY4OC0zNDM2M2JjN2M0YzAiOnsiY3JlYXRlIjozMDAwMDAwMDAwMDAsImRlbGV0ZSI6MzAwMDAwMDAwMDAwLCJ1cGRhdGUiOjMwMDAwMDAwMDAwMH19",
          "dependencies": [
            "yandex_compute_disk.disk-ws-1",
            "yandex_compute_disk.disk-ws-2",
            "yandex_compute_disk.disk-ws-b",
            "yandex_compute_disk.disk-ws-el",
            "yandex_compute_disk.disk-ws-k",
            "yandex_compute_disk.disk-ws-z",
            "yandex_compute_instance.ws-1",
            "yandex_compute_instance.ws-2",
            "yandex_compute_instance.ws-b",
            "yandex_compute_instance.ws-el",
            "yandex_compute_instance.ws-k",
            "yandex_compute_instance.ws-z",
            "yandex_vpc_gateway.nat_gateway",
            "yandex_vpc_network.network_1",
            "yandex_vpc_route_table.inner-to-nat",
            "yandex_vpc_security_group.internal",
            "yandex_vpc_security_group.public-bastion",
            "yandex_vpc_security_group.public-kibana",
            "yandex_vpc_security_group.public-zabbix",
            "yandex_vpc_subnet.private",
            "yandex_vpc_subnet.public",
            "yandex_vpc_subnet.subnet1",
            "yandex_vpc_subnet.subnet2"
          ]
        }
      ]
    },
    {
      "mode": "managed",
      "type": "yandex_vpc_gateway",
      "name": "nat_gateway",
      "provider": "provider[\"registry.terraform.io/yandex-cloud/yandex\"]",
      "instances": [
        {
          "schema_version": 0,
          "attributes": {
            "created_at": "2025-02-15T21:10:29Z",
            "description": "",
            "folder_id": "b1g1resobkrlnebb3l3p",
            "id": "enpkq1m8ksdvjokb2ss5",
            "labels": {},
            "name": "nat-gateway",
            "shared_egress_gateway": [
              {}
            ],
            "timeouts": null
          },
          "sensitive_attributes": [],
          "private": "eyJlMmJmYjczMC1lY2FhLTExZTYtOGY4OC0zNDM2M2JjN2M0YzAiOnsiY3JlYXRlIjo2MDAwMDAwMDAwMCwiZGVsZXRlIjo2MDAwMDAwMDAwMCwidXBkYXRlIjo2MDAwMDAwMDAwMH19"
        }
      ]
    },
    {
      "mode": "managed",
      "type": "yandex_vpc_network",
      "name": "network_1",
      "provider": "provider[\"registry.terraform.io/yandex-cloud/yandex\"]",
      "instances": [
        {
          "schema_version": 0,
          "attributes": {
            "created_at": "2025-02-15T21:10:29Z",
            "default_security_group_id": "enp05jvh80udgjkmblvq",
            "description": "",
            "folder_id": "b1g1resobkrlnebb3l3p",
            "id": "enpgpfr1nkuu77j8bkcf",
            "labels": {},
            "name": "network1",
            "subnet_ids": [],
            "timeouts": null
          },
          "sensitive_attributes": [],
          "private": "eyJlMmJmYjczMC1lY2FhLTExZTYtOGY4OC0zNDM2M2JjN2M0YzAiOnsiY3JlYXRlIjo2MDAwMDAwMDAwMCwiZGVsZXRlIjo2MDAwMDAwMDAwMCwidXBkYXRlIjo2MDAwMDAwMDAwMH19"
        }
      ]
    },
    {
      "mode": "managed",
      "type": "yandex_vpc_route_table",
      "name": "inner-to-nat",
      "provider": "provider[\"registry.terraform.io/yandex-cloud/yandex\"]",
      "instances": [
        {
          "schema_version": 0,
          "attributes": {
            "created_at": "2025-02-15T21:10:31Z",
            "description": "",
            "folder_id": "b1g1resobkrlnebb3l3p",
            "id": "enpl9ha1niijd64abfmg",
            "labels": {},
            "name": "",
            "network_id": "enpgpfr1nkuu77j8bkcf",
            "static_route": [
              {
                "destination_prefix": "0.0.0.0/0",
                "gateway_id": "enpkq1m8ksdvjokb2ss5",
                "next_hop_address": ""
              }
            ],
            "timeouts": null
          },
          "sensitive_attributes": [],
          "private": "eyJlMmJmYjczMC1lY2FhLTExZTYtOGY4OC0zNDM2M2JjN2M0YzAiOnsiY3JlYXRlIjoxODAwMDAwMDAwMDAsImRlbGV0ZSI6MTgwMDAwMDAwMDAwLCJ1cGRhdGUiOjE4MDAwMDAwMDAwMH19",
          "dependencies": [
            "yandex_vpc_gateway.nat_gateway",
            "yandex_vpc_network.network_1"
          ]
        }
      ]
    },
    {
      "mode": "managed",
      "type": "yandex_vpc_security_group",
      "name": "internal",
      "provider": "provider[\"registry.terraform.io/yandex-cloud/yandex\"]",
      "instances": [
        {
          "schema_version": 0,
          "attributes": {
            "created_at": "2025-02-15T21:10:32Z",
            "description": "",
            "egress": [
              {
                "description": "allow any outgoing connections",
                "from_port": -1,
                "id": "enpvi193bt9a9fli244s",
                "labels": {},
                "port": -1,
                "predefined_target": "",
                "protocol": "ANY",
                "security_group_id": "",
                "to_port": -1,
                "v4_cidr_blocks": [
                  "0.0.0.0/0"
                ],
                "v6_cidr_blocks": []
              }
            ],
            "folder_id": "b1g1resobkrlnebb3l3p",
            "id": "enpn0f1srb3oh85mq4ed",
            "ingress": [
              {
                "description": "allow any connection from internal subnets",
                "from_port": -1,
                "id": "enp610gm923lupq7ntnm",
                "labels": {},
                "port": -1,
                "predefined_target": "self_security_group",
                "protocol": "ANY",
                "security_group_id": "",
                "to_port": -1,
                "v4_cidr_blocks": [],
                "v6_cidr_blocks": []
              }
            ],
            "labels": {},
            "name": "internal-rules",
            "network_id": "enpgpfr1nkuu77j8bkcf",
            "status": "ACTIVE",
            "timeouts": null
          },
          "sensitive_attributes": [],
          "private": "eyJlMmJmYjczMC1lY2FhLTExZTYtOGY4OC0zNDM2M2JjN2M0YzAiOnsiY3JlYXRlIjoxODAwMDAwMDAwMDAsImRlbGV0ZSI6MTgwMDAwMDAwMDAwLCJ1cGRhdGUiOjE4MDAwMDAwMDAwMH19",
          "dependencies": [
            "yandex_vpc_network.network_1"
          ]
        }
      ]
    },
    {
      "mode": "managed",
      "type": "yandex_vpc_security_group",
      "name": "public-bastion",
      "provider": "provider[\"registry.terraform.io/yandex-cloud/yandex\"]",
      "instances": [
        {
          "schema_version": 0,
          "attributes": {
            "created_at": "2025-02-15T21:10:43Z",
            "description": "",
            "egress": [
              {
                "description": "allow any outgoing connection",
                "from_port": -1,
                "id": "enpbvkuvd5a24u9anho9",
                "labels": {},
                "port": -1,
                "predefined_target": "",
                "protocol": "ANY",
                "security_group_id": "",
                "to_port": -1,
                "v4_cidr_blocks": [
                  "0.0.0.0/0"
                ],
                "v6_cidr_blocks": []
              }
            ],
            "folder_id": "b1g1resobkrlnebb3l3p",
            "id": "enpa32urlb02ef22v9me",
            "ingress": [
              {
                "description": "allow ping",
                "from_port": -1,
                "id": "enp7kndntsjk0rcpljp9",
                "labels": {},
                "port": -1,
                "predefined_target": "",
                "protocol": "ICMP",
                "security_group_id": "",
                "to_port": -1,
                "v4_cidr_blocks": [
                  "0.0.0.0/0"
                ],
                "v6_cidr_blocks": []
              },
              {
                "description": "bastion connections from internet",
                "from_port": -1,
                "id": "enpl5md4m27vt67t0re0",
                "labels": {},
                "port": 22,
                "predefined_target": "",
                "protocol": "TCP",
                "security_group_id": "",
                "to_port": -1,
                "v4_cidr_blocks": [
                  "0.0.0.0/0"
                ],
                "v6_cidr_blocks": []
              }
            ],
            "labels": {},
            "name": "public-bastion-rules",
            "network_id": "enpgpfr1nkuu77j8bkcf",
            "status": "ACTIVE",
            "timeouts": null
          },
          "sensitive_attributes": [],
          "private": "eyJlMmJmYjczMC1lY2FhLTExZTYtOGY4OC0zNDM2M2JjN2M0YzAiOnsiY3JlYXRlIjoxODAwMDAwMDAwMDAsImRlbGV0ZSI6MTgwMDAwMDAwMDAwLCJ1cGRhdGUiOjE4MDAwMDAwMDAwMH19",
          "dependencies": [
            "yandex_vpc_network.network_1"
          ]
        }
      ]
    },
    {
      "mode": "managed",
      "type": "yandex_vpc_security_group",
      "name": "public-kibana",
      "provider": "provider[\"registry.terraform.io/yandex-cloud/yandex\"]",
      "instances": [
        {
          "schema_version": 0,
          "attributes": {
            "created_at": "2025-02-15T21:10:34Z",
            "description": "",
            "egress": [
              {
                "description": "allow any outgoing connection",
                "from_port": -1,
                "id": "enp2l0bjfus2iik1mtkr",
                "labels": {},
                "port": -1,
                "predefined_target": "",
                "protocol": "ANY",
                "security_group_id": "",
                "to_port": -1,
                "v4_cidr_blocks": [
                  "0.0.0.0/0"
                ],
                "v6_cidr_blocks": []
              }
            ],
            "folder_id": "b1g1resobkrlnebb3l3p",
            "id": "enpoabamdutjc85aphtd",
            "ingress": [
              {
                "description": "allow kibana connections from internet",
                "from_port": -1,
                "id": "enpk5li1n29oo94v6av1",
                "labels": {},
                "port": 5601,
                "predefined_target": "",
                "protocol": "TCP",
                "security_group_id": "",
                "to_port": -1,
                "v4_cidr_blocks": [
                  "0.0.0.0/0"
                ],
                "v6_cidr_blocks": []
              },
              {
                "description": "allow ping",
                "from_port": -1,
                "id": "enpdm9asfkh2c4kdmdsd",
                "labels": {},
                "port": -1,
                "predefined_target": "",
                "protocol": "ICMP",
                "security_group_id": "",
                "to_port": -1,
                "v4_cidr_blocks": [
                  "0.0.0.0/0"
                ],
                "v6_cidr_blocks": []
              }
            ],
            "labels": {},
            "name": "public-kibana-rules",
            "network_id": "enpgpfr1nkuu77j8bkcf",
            "status": "ACTIVE",
            "timeouts": null
          },
          "sensitive_attributes": [],
          "private": "eyJlMmJmYjczMC1lY2FhLTExZTYtOGY4OC0zNDM2M2JjN2M0YzAiOnsiY3JlYXRlIjoxODAwMDAwMDAwMDAsImRlbGV0ZSI6MTgwMDAwMDAwMDAwLCJ1cGRhdGUiOjE4MDAwMDAwMDAwMH19",
          "dependencies": [
            "yandex_vpc_network.network_1"
          ]
        }
      ]
    },
    {
      "mode": "managed",
      "type": "yandex_vpc_security_group",
      "name": "public-load-balancer",
      "provider": "provider[\"registry.terraform.io/yandex-cloud/yandex\"]",
      "instances": [
        {
          "schema_version": 0,
          "attributes": {
            "created_at": "2025-02-15T21:10:39Z",
            "description": "",
            "egress": [
              {
                "description": "allow any outgoing connection",
                "from_port": -1,
                "id": "enpe3k24ojc783bnhbnh",
                "labels": {},
                "port": -1,
                "predefined_target": "",
                "protocol": "ANY",
                "security_group_id": "",
                "to_port": -1,
                "v4_cidr_blocks": [
                  "0.0.0.0/0"
                ],
                "v6_cidr_blocks": []
              }
            ],
            "folder_id": "b1g1resobkrlnebb3l3p",
            "id": "enp4646nlica30t6j6bv",
            "ingress": [
              {
                "description": "Health checks",
                "from_port": -1,
                "id": "enpeii365864v7j2q2t6",
                "labels": {},
                "port": -1,
                "predefined_target": "",
                "protocol": "ANY",
                "security_group_id": "",
                "to_port": -1,
                "v4_cidr_blocks": [
                  "0.0.0.0/0"
                ],
                "v6_cidr_blocks": []
              },
              {
                "description": "allow HTTP connections from internet",
                "from_port": -1,
                "id": "enpmghm5tkm0h6b69kpo",
                "labels": {},
                "port": 80,
                "predefined_target": "",
                "protocol": "TCP",
                "security_group_id": "",
                "to_port": -1,
                "v4_cidr_blocks": [
                  "0.0.0.0/0"
                ],
                "v6_cidr_blocks": []
              },
              {
                "description": "allow ping",
                "from_port": -1,
                "id": "enptv8s0oov66dovaibd",
                "labels": {},
                "port": -1,
                "predefined_target": "",
                "protocol": "ICMP",
                "security_group_id": "",
                "to_port": -1,
                "v4_cidr_blocks": [
                  "0.0.0.0/0"
                ],
                "v6_cidr_blocks": []
              }
            ],
            "labels": {},
            "name": "public-load-balancer-rules",
            "network_id": "enpgpfr1nkuu77j8bkcf",
            "status": "ACTIVE",
            "timeouts": null
          },
          "sensitive_attributes": [],
          "private": "eyJlMmJmYjczMC1lY2FhLTExZTYtOGY4OC0zNDM2M2JjN2M0YzAiOnsiY3JlYXRlIjoxODAwMDAwMDAwMDAsImRlbGV0ZSI6MTgwMDAwMDAwMDAwLCJ1cGRhdGUiOjE4MDAwMDAwMDAwMH19",
          "dependencies": [
            "yandex_vpc_network.network_1"
          ]
        }
      ]
    },
    {
      "mode": "managed",
      "type": "yandex_vpc_security_group",
      "name": "public-zabbix",
      "provider": "provider[\"registry.terraform.io/yandex-cloud/yandex\"]",
      "instances": [
        {
          "schema_version": 0,
          "attributes": {
            "created_at": "2025-02-15T21:10:36Z",
            "description": "",
            "egress": [
              {
                "description": "allow any outgoing connection",
                "from_port": -1,
                "id": "enpb4ascvq12jbiuqti8",
                "labels": {},
                "port": -1,
                "predefined_target": "",
                "protocol": "ANY",
                "security_group_id": "",
                "to_port": -1,
                "v4_cidr_blocks": [
                  "0.0.0.0/0"
                ],
                "v6_cidr_blocks": []
              }
            ],
            "folder_id": "b1g1resobkrlnebb3l3p",
            "id": "enpb8um02qhsuctikq42",
            "ingress": [
              {
                "description": "allow ping",
                "from_port": -1,
                "id": "enpnp8j6mvkmlstb9rv1",
                "labels": {},
                "port": -1,
                "predefined_target": "",
                "protocol": "ICMP",
                "security_group_id": "",
                "to_port": -1,
                "v4_cidr_blocks": [
                  "0.0.0.0/0"
                ],
                "v6_cidr_blocks": []
              },
              {
                "description": "allow zabbix connections from internet",
                "from_port": -1,
                "id": "enp2uh10h8dtl9uo97u3",
                "labels": {},
                "port": 80,
                "predefined_target": "",
                "protocol": "TCP",
                "security_group_id": "",
                "to_port": -1,
                "v4_cidr_blocks": [
                  "0.0.0.0/0"
                ],
                "v6_cidr_blocks": []
              },
              {
                "description": "allow zabbix connections from internet",
                "from_port": -1,
                "id": "enpaln4sneoeaaq8fqfb",
                "labels": {},
                "port": 10051,
                "predefined_target": "",
                "protocol": "TCP",
                "security_group_id": "",
                "to_port": -1,
                "v4_cidr_blocks": [
                  "0.0.0.0/0"
                ],
                "v6_cidr_blocks": []
              }
            ],
            "labels": {},
            "name": "public-zabbix-rules",
            "network_id": "enpgpfr1nkuu77j8bkcf",
            "status": "ACTIVE",
            "timeouts": null
          },
          "sensitive_attributes": [],
          "private": "eyJlMmJmYjczMC1lY2FhLTExZTYtOGY4OC0zNDM2M2JjN2M0YzAiOnsiY3JlYXRlIjoxODAwMDAwMDAwMDAsImRlbGV0ZSI6MTgwMDAwMDAwMDAwLCJ1cGRhdGUiOjE4MDAwMDAwMDAwMH19",
          "dependencies": [
            "yandex_vpc_network.network_1"
          ]
        }
      ]
    },
    {
      "mode": "managed",
      "type": "yandex_vpc_subnet",
      "name": "private",
      "provider": "provider[\"registry.terraform.io/yandex-cloud/yandex\"]",
      "instances": [
        {
          "schema_version": 0,
          "attributes": {
            "created_at": "2025-02-15T21:10:36Z",
            "description": "",
            "dhcp_options": [],
            "folder_id": "b1g1resobkrlnebb3l3p",
            "id": "e2loudkb3bc1ra6fq4pj",
            "labels": {},
            "name": "internal-subnet",
            "network_id": "enpgpfr1nkuu77j8bkcf",
            "route_table_id": "enpl9ha1niijd64abfmg",
            "timeouts": null,
            "v4_cidr_blocks": [
              "10.129.3.0/24"
            ],
            "v6_cidr_blocks": [],
            "zone": "ru-central1-b"
          },
          "sensitive_attributes": [],
          "private": "eyJlMmJmYjczMC1lY2FhLTExZTYtOGY4OC0zNDM2M2JjN2M0YzAiOnsiY3JlYXRlIjoxODAwMDAwMDAwMDAsImRlbGV0ZSI6MTgwMDAwMDAwMDAwLCJ1cGRhdGUiOjE4MDAwMDAwMDAwMH19",
          "dependencies": [
            "yandex_vpc_gateway.nat_gateway",
            "yandex_vpc_network.network_1",
            "yandex_vpc_route_table.inner-to-nat"
          ]
        }
      ]
    },
    {
      "mode": "managed",
      "type": "yandex_vpc_subnet",
      "name": "public",
      "provider": "provider[\"registry.terraform.io/yandex-cloud/yandex\"]",
      "instances": [
        {
          "schema_version": 0,
          "attributes": {
            "created_at": "2025-02-15T21:10:31Z",
            "description": "",
            "dhcp_options": [],
            "folder_id": "b1g1resobkrlnebb3l3p",
            "id": "e2lbhajgabrfrq9oclha",
            "labels": {},
            "name": "public-subnet",
            "network_id": "enpgpfr1nkuu77j8bkcf",
            "route_table_id": "",
            "timeouts": null,
            "v4_cidr_blocks": [
              "10.129.4.0/24"
            ],
            "v6_cidr_blocks": [],
            "zone": "ru-central1-b"
          },
          "sensitive_attributes": [],
          "private": "eyJlMmJmYjczMC1lY2FhLTExZTYtOGY4OC0zNDM2M2JjN2M0YzAiOnsiY3JlYXRlIjoxODAwMDAwMDAwMDAsImRlbGV0ZSI6MTgwMDAwMDAwMDAwLCJ1cGRhdGUiOjE4MDAwMDAwMDAwMH19",
          "dependencies": [
            "yandex_vpc_network.network_1"
          ]
        }
      ]
    },
    {
      "mode": "managed",
      "type": "yandex_vpc_subnet",
      "name": "subnet1",
      "provider": "provider[\"registry.terraform.io/yandex-cloud/yandex\"]",
      "instances": [
        {
          "schema_version": 0,
          "attributes": {
            "created_at": "2025-02-15T21:10:35Z",
            "description": "",
            "dhcp_options": [],
            "folder_id": "b1g1resobkrlnebb3l3p",
            "id": "e9b28f5n3mvdblk62itk",
            "labels": {},
            "name": "subnet_1",
            "network_id": "enpgpfr1nkuu77j8bkcf",
            "route_table_id": "enpl9ha1niijd64abfmg",
            "timeouts": null,
            "v4_cidr_blocks": [
              "10.128.1.0/24"
            ],
            "v6_cidr_blocks": [],
            "zone": "ru-central1-a"
          },
          "sensitive_attributes": [],
          "private": "eyJlMmJmYjczMC1lY2FhLTExZTYtOGY4OC0zNDM2M2JjN2M0YzAiOnsiY3JlYXRlIjoxODAwMDAwMDAwMDAsImRlbGV0ZSI6MTgwMDAwMDAwMDAwLCJ1cGRhdGUiOjE4MDAwMDAwMDAwMH19",
          "dependencies": [
            "yandex_vpc_gateway.nat_gateway",
            "yandex_vpc_network.network_1",
            "yandex_vpc_route_table.inner-to-nat"
          ]
        }
      ]
    },
    {
      "mode": "managed",
      "type": "yandex_vpc_subnet",
      "name": "subnet2",
      "provider": "provider[\"registry.terraform.io/yandex-cloud/yandex\"]",
      "instances": [
        {
          "schema_version": 0,
          "attributes": {
            "created_at": "2025-02-15T21:10:35Z",
            "description": "",
            "dhcp_options": [],
            "folder_id": "b1g1resobkrlnebb3l3p",
            "id": "e2lb2n0c1phhruv77mlc",
            "labels": {},
            "name": "subnet_2",
            "network_id": "enpgpfr1nkuu77j8bkcf",
            "route_table_id": "enpl9ha1niijd64abfmg",
            "timeouts": null,
            "v4_cidr_blocks": [
              "10.129.1.0/24"
            ],
            "v6_cidr_blocks": [],
            "zone": "ru-central1-b"
          },
          "sensitive_attributes": [],
          "private": "eyJlMmJmYjczMC1lY2FhLTExZTYtOGY4OC0zNDM2M2JjN2M0YzAiOnsiY3JlYXRlIjoxODAwMDAwMDAwMDAsImRlbGV0ZSI6MTgwMDAwMDAwMDAwLCJ1cGRhdGUiOjE4MDAwMDAwMDAwMH19",
          "dependencies": [
            "yandex_vpc_gateway.nat_gateway",
            "yandex_vpc_network.network_1",
            "yandex_vpc_route_table.inner-to-nat"
          ]
        }
      ]
    }
  ],
  "check_results": null
}
